// !$*UTF8*$!
{
	archiveVersion = 1;
	classes = {
	};
	objectVersion = 55;
	objects = {

/* Begin PBXBuildFile section */
		17B696E0273BD1D700CAB96A /* AppDelegate.m in Sources */ = {isa = PBXBuildFile; fileRef = 17B696DF273BD1D700CAB96A /* AppDelegate.m */; };
		17B696E3273BD1D700CAB96A /* SceneDelegate.m in Sources */ = {isa = PBXBuildFile; fileRef = 17B696E2273BD1D700CAB96A /* SceneDelegate.m */; };
		17B696E6273BD1D700CAB96A /* ViewController.m in Sources */ = {isa = PBXBuildFile; fileRef = 17B696E5273BD1D700CAB96A /* ViewController.m */; };
		17B696E9273BD1D700CAB96A /* Main.storyboard in Resources */ = {isa = PBXBuildFile; fileRef = 17B696E7273BD1D700CAB96A /* Main.storyboard */; };
		17B696EB273BD1DB00CAB96A /* Assets.xcassets in Resources */ = {isa = PBXBuildFile; fileRef = 17B696EA273BD1DB00CAB96A /* Assets.xcassets */; };
		17B696EE273BD1DB00CAB96A /* LaunchScreen.storyboard in Resources */ = {isa = PBXBuildFile; fileRef = 17B696EC273BD1DB00CAB96A /* LaunchScreen.storyboard */; };
		17B696F1273BD1DB00CAB96A /* main.m in Sources */ = {isa = PBXBuildFile; fileRef = 17B696F0273BD1DB00CAB96A /* main.m */; };
		17B696FA273BD35800CAB96A /* FRAutoSizeTextView.m in Sources */ = {isa = PBXBuildFile; fileRef = 17B696F9273BD35800CAB96A /* FRAutoSizeTextView.m */; };
/* End PBXBuildFile section */

/* Begin PBXFileReference section */
		17B696DB273BD1D700CAB96A /* FRViewFactory.app */ = {isa = PBXFileReference; explicitFileType = wrapper.application; includeInIndex = 0; path = FRViewFactory.app; sourceTree = BUILT_PRODUCTS_DIR; };
		17B696DE273BD1D700CAB96A /* AppDelegate.h */ = {isa = PBXFileReference; lastKnownFileType = sourcecode.c.h; path = AppDelegate.h; sourceTree = "<group>"; };
		17B696DF273BD1D700CAB96A /* AppDelegate.m */ = {isa = PBXFileReference; lastKnownFileType = sourcecode.c.objc; path = AppDelegate.m; sourceTree = "<group>"; };
		17B696E1273BD1D700CAB96A /* SceneDelegate.h */ = {isa = PBXFileReference; lastKnownFileType = sourcecode.c.h; path = SceneDelegate.h; sourceTree = "<group>"; };
		17B696E2273BD1D700CAB96A /* SceneDelegate.m */ = {isa = PBXFileReference; lastKnownFileType = sourcecode.c.objc; path = SceneDelegate.m; sourceTree = "<group>"; };
		17B696E4273BD1D700CAB96A /* ViewController.h */ = {isa = PBXFileReference; lastKnownFileType = sourcecode.c.h; path = ViewController.h; sourceTree = "<group>"; };
		17B696E5273BD1D700CAB96A /* ViewController.m */ = {isa = PBXFileReference; lastKnownFileType = sourcecode.c.objc; path = ViewController.m; sourceTree = "<group>"; };
		17B696E8273BD1D700CAB96A /* Base */ = {isa = PBXFileReference; lastKnownFileType = file.storyboard; name = Base; path = Base.lproj/Main.storyboard; sourceTree = "<group>"; };
		17B696EA273BD1DB00CAB96A /* Assets.xcassets */ = {isa = PBXFileReference; lastKnownFileType = folder.assetcatalog; path = Assets.xcassets; sourceTree = "<group>"; };
		17B696ED273BD1DB00CAB96A /* Base */ = {isa = PBXFileReference; lastKnownFileType = file.storyboard; name = Base; path = Base.lproj/LaunchScreen.storyboard; sourceTree = "<group>"; };
		17B696EF273BD1DB00CAB96A /* Info.plist */ = {isa = PBXFileReference; lastKnownFileType = text.plist.xml; path = Info.plist; sourceTree = "<group>"; };
		17B696F0273BD1DB00CAB96A /* main.m */ = {isa = PBXFileReference; lastKnownFileType = sourcecode.c.objc; path = main.m; sourceTree = "<group>"; };
		17B696F8273BD35800CAB96A /* FRAutoSizeTextView.h */ = {isa = PBXFileReference; lastKnownFileType = sourcecode.c.h; path = FRAutoSizeTextView.h; sourceTree = "<group>"; };
		17B696F9273BD35800CAB96A /* FRAutoSizeTextView.m */ = {isa = PBXFileReference; lastKnownFileType = sourcecode.c.objc; path = FRAutoSizeTextView.m; sourceTree = "<group>"; };
/* End PBXFileReference section */

/* Begin PBXFrameworksBuildPhase section */
		17B696D8273BD1D700CAB96A /* Frameworks */ = {
			isa = PBXFrameworksBuildPhase;
			buildActionMask = 2147483647;
			files = (
			);
			runOnlyForDeploymentPostprocessing = 0;
		};
/* End PBXFrameworksBuildPhase section */

/* Begin PBXGroup section */
		17B696D2273BD1D700CAB96A = {
			isa = PBXGroup;
			children = (
				17B696DD273BD1D700CAB96A /* FRViewFactory */,
				17B696DC273BD1D700CAB96A /* Products */,
			);
			sourceTree = "<group>";
		};
		17B696DC273BD1D700CAB96A /* Products */ = {
			isa = PBXGroup;
			children = (
				17B696DB273BD1D700CAB96A /* FRViewFactory.app */,
			);
			name = Products;
			sourceTree = "<group>";
		};
		17B696DD273BD1D700CAB96A /* FRViewFactory */ = {
			isa = PBXGroup;
			children = (
				17B696F7273BD2B400CAB96A /* objc */,
				17B696DE273BD1D700CAB96A /* AppDelegate.h */,
				17B696DF273BD1D700CAB96A /* AppDelegate.m */,
				17B696E1273BD1D700CAB96A /* SceneDelegate.h */,
				17B696E2273BD1D700CAB96A /* SceneDelegate.m */,
				17B696E4273BD1D700CAB96A /* ViewController.h */,
				17B696E5273BD1D700CAB96A /* ViewController.m */,
				17B696E7273BD1D700CAB96A /* Main.storyboard */,
				17B696EA273BD1DB00CAB96A /* Assets.xcassets */,
				17B696EC273BD1DB00CAB96A /* LaunchScreen.storyboard */,
				17B696EF273BD1DB00CAB96A /* Info.plist */,
				17B696F0273BD1DB00CAB96A /* main.m */,
			);
			path = FRViewFactory;
			sourceTree = "<group>";
		};
		17B696F7273BD2B400CAB96A /* objc */ = {
			isa = PBXGroup;
			children = (
				17B696F8273BD35800CAB96A /* FRAutoSizeTextView.h */,
				17B696F9273BD35800CAB96A /* FRAutoSizeTextView.m */,
			);
			name = objc;
			path = ../../../lib/objc;
			sourceTree = "<group>";
		};
/* End PBXGroup section */

/* Begin PBXNativeTarget section */
		17B696DA273BD1D700CAB96A /* FRViewFactory */ = {
			isa = PBXNativeTarget;
			buildConfigurationList = 17B696F4273BD1DB00CAB96A /* Build configuration list for PBXNativeTarget "FRViewFactory" */;
			buildPhases = (
				17B696D7273BD1D700CAB96A /* Sources */,
				17B696D8273BD1D700CAB96A /* Frameworks */,
				17B696D9273BD1D700CAB96A /* Resources */,
			);
			buildRules = (
			);
			dependencies = (
			);
			name = FRViewFactory;
			productName = FRViewFactory;
			productReference = 17B696DB273BD1D700CAB96A /* FRViewFactory.app */;
			productType = "com.apple.product-type.application";
		};
/* End PBXNativeTarget section */

/* Begin PBXProject section */
		17B696D3273BD1D700CAB96A /* Project object */ = {
			isa = PBXProject;
			attributes = {
				BuildIndependentTargetsInParallel = 1;
				LastUpgradeCheck = 1300;
				TargetAttributes = {
					17B696DA273BD1D700CAB96A = {
						CreatedOnToolsVersion = 13.0;
					};
				};
			};
			buildConfigurationList = 17B696D6273BD1D700CAB96A /* Build configuration list for PBXProject "FRViewFactory" */;
			compatibilityVersion = "Xcode 13.0";
			developmentRegion = en;
			hasScannedForEncodings = 0;
			knownRegions = (
				en,
				Base,
			);
			mainGroup = 17B696D2273BD1D700CAB96A;
			productRefGroup = 17B696DC273BD1D700CAB96A /* Products */;
			projectDirPath = "";
			projectRoot = "";
			targets = (
				17B696DA273BD1D700CAB96A /* FRViewFactory */,
			);
		};
/* End PBXProject section */

/* Begin PBXResourcesBuildPhase section */
		17B696D9273BD1D700CAB96A /* Resources */ = {
			isa = PBXResourcesBuildPhase;
			buildActionMask = 2147483647;
			files = (
				17B696EE273BD1DB00CAB96A /* LaunchScreen.storyboard in Resources */,
				17B696EB273BD1DB00CAB96A /* Assets.xcassets in Resources */,
				17B696E9273BD1D700CAB96A /* Main.storyboard in Resources */,
			);
			runOnlyForDeploymentPostprocessing = 0;
		};
/* End PBXResourcesBuildPhase section */

/* Begin PBXSourcesBuildPhase section */
		17B696D7273BD1D700CAB96A /* Sources */ = {
			isa = PBXSourcesBuildPhase;
			buildActionMask = 2147483647;
			files = (
				17B696E6273BD1D700CAB96A /* ViewController.m in Sources */,
				17B696E0273BD1D700CAB96A /* AppDelegate.m in Sources */,
				17B696F1273BD1DB00CAB96A /* main.m in Sources */,
				17B696E3273BD1D700CAB96A /* SceneDelegate.m in Sources */,
				17B696FA273BD35800CAB96A /* FRAutoSizeTextView.m in Sources */,
			);
			runOnlyForDeploymentPostprocessing = 0;
		};
/* End PBXSourcesBuildPhase section */

/* Begin PBXVariantGroup section */
		17B696E7273BD1D700CAB96A /* Main.storyboard */ = {
			isa = PBXVariantGroup;
			children = (
				17B696E8273BD1D700CAB96A /* Base */,
			);
			name = Main.storyboard;
			sourceTree = "<group>";
		};
		17B696EC273BD1DB00CAB96A /* LaunchScreen.storyboard */ = {
			isa = PBXVariantGroup;
			children = (
				17B696ED273BD1DB00CAB96A /* Base */,
			);
			name = LaunchScreen.storyboard;
			sourceTree = "<group>";
		};
/* End PBXVariantGroup section */

/* Begin XCBuildConfiguration section */
		17B696F2273BD1DB00CAB96A /* Debug */ = {
			isa = XCBuildConfiguration;
			buildSettings = {
				ALWAYS_SEARCH_USER_PATHS = NO;
				CLANG_ANALYZER_NONNULL = YES;
				CLANG_ANALYZER_NUMBER_OBJECT_CONVERSION = YES_AGGRESSIVE;
				CLANG_CXX_LANGUAGE_STANDARD = "gnu++17";
				CLANG_CXX_LIBRARY = "libc++";
				CLANG_ENABLE_MODULES = YES;
				CLANG_ENABLE_OBJC_ARC = YES;
				CLANG_ENABLE_OBJC_WEAK = YES;
				CLANG_WARN_BLOCK_CAPTURE_AUTORELEASING = YES;
				CLANG_WARN_BOOL_CONVERSION = YES;
				CLANG_WARN_COMMA = YES;
				CLANG_WARN_CONSTANT_CONVERSION = YES;
				CLANG_WARN_DEPRECATED_OBJC_IMPLEMENTATIONS = YES;
				CLANG_WARN_DIRECT_OBJC_ISA_USAGE = YES_ERROR;
				CLANG_WARN_DOCUMENTATION_COMMENTS = YES;
				CLANG_WARN_EMPTY_BODY = YES;
				CLANG_WARN_ENUM_CONVERSION = YES;
				CLANG_WARN_INFINITE_RECURSION = YES;
				CLANG_WARN_INT_CONVERSION = YES;
				CLANG_WARN_NON_LITERAL_NULL_CONVERSION = YES;
				CLANG_WARN_OBJC_IMPLICIT_RETAIN_SELF = YES;
				CLANG_WARN_OBJC_LITERAL_CONVERSION = YES;
				CLANG_WARN_OBJC_ROOT_CLASS = YES_ERROR;
				CLANG_WARN_QUOTED_INCLUDE_IN_FRAMEWORK_HEADER = YES;
				CLANG_WARN_RANGE_LOOP_ANALYSIS = YES;
				CLANG_WARN_STRICT_PROTOTYPES = YES;
				CLANG_WARN_SUSPICIOUS_MOVE = YES;
				CLANG_WARN_UNGUARDED_AVAILABILITY = YES_AGGRESSIVE;
				CLANG_WARN_UNREACHABLE_CODE = YES;
				CLANG_WARN__DUPLICATE_METHOD_MATCH = YES;
				COPY_PHASE_STRIP = NO;
				DEBUG_INFORMATION_FORMAT = dwarf;
				ENABLE_STRICT_OBJC_MSGSEND = YES;
				ENABLE_TESTABILITY = YES;
				GCC_C_LANGUAGE_STANDARD = gnu11;
				GCC_DYNAMIC_NO_PIC = NO;
				GCC_NO_COMMON_BLOCKS = YES;
				GCC_OPTIMIZATION_LEVEL = 0;
				GCC_PREPROCESSOR_DEFINITIONS = (
					"DEBUG=1",
					"$(inherited)",
				);
				GCC_WARN_64_TO_32_BIT_CONVERSION = YES;
				GCC_WARN_ABOUT_RETURN_TYPE = YES_ERROR;
				GCC_WARN_UNDECLARED_SELECTOR = YES;
				GCC_WARN_UNINITIALIZED_AUTOS = YES_AGGRESSIVE;
				GCC_WARN_UNUSED_FUNCTION = YES;
				GCC_WARN_UNUSED_VARIABLE = YES;
				IPHONEOS_DEPLOYMENT_TARGET = 15.0;
				MTL_ENABLE_DEBUG_INFO = INCLUDE_SOURCE;
				MTL_FAST_MATH = YES;
				ONLY_ACTIVE_ARCH = YES;
				SDKROOT = iphoneos;
			};
			name = Debug;
		};
		17B696F3273BD1DB00CAB96A /* Release */ = {
			isa = XCBuildConfiguration;
			buildSettings = {
				ALWAYS_SEARCH_USER_PATHS = NO;
				CLANG_ANALYZER_NONNULL = YES;
				CLANG_ANALYZER_NUMBER_OBJECT_CONVERSION = YES_AGGRESSIVE;
				CLANG_CXX_LANGUAGE_STANDARD = "gnu++17";
				CLANG_CXX_LIBRARY = "libc++";
				CLANG_ENABLE_MODULES = YES;
				CLANG_ENABLE_OBJC_ARC = YES;
				CLANG_ENABLE_OBJC_WEAK = YES;
				CLANG_WARN_BLOCK_CAPTURE_AUTORELEASING = YES;
				CLANG_WARN_BOOL_CONVERSION = YES;
				CLANG_WARN_COMMA = YES;
				CLANG_WARN_CONSTANT_CONVERSION = YES;
				CLANG_WARN_DEPRECATED_OBJC_IMPLEMENTATIONS = YES;
				CLANG_WARN_DIRECT_OBJC_ISA_USAGE = YES_ERROR;
				CLANG_WARN_DOCUMENTATION_COMMENTS = YES;
				CLANG_WARN_EMPTY_BODY = YES;
				CLANG_WARN_ENUM_CONVERSION = YES;
				CLANG_WARN_INFINITE_RECURSION = YES;
				CLANG_WARN_INT_CONVERSION = YES;
				CLANG_WARN_NON_LITERAL_NULL_CONVERSION = YES;
				CLANG_WARN_OBJC_IMPLICIT_RETAIN_SELF = YES;
				CLANG_WARN_OBJC_LITERAL_CONVERSION = YES;
				CLANG_WARN_OBJC_ROOT_CLASS = YES_ERROR;
				CLANG_WARN_QUOTED_INCLUDE_IN_FRAMEWORK_HEADER = YES;
				CLANG_WARN_RANGE_LOOP_ANALYSIS = YES;
				CLANG_WARN_STRICT_PROTOTYPES = YES;
				CLANG_WARN_SUSPICIOUS_MOVE = YES;
				CLANG_WARN_UNGUARDED_AVAILABILITY = YES_AGGRESSIVE;
				CLANG_WARN_UNREACHABLE_CODE = YES;
				CLANG_WARN__DUPLICATE_METHOD_MATCH = YES;
				COPY_PHASE_STRIP = NO;
				DEBUG_INFORMATION_FORMAT = "dwarf-with-dsym";
				ENABLE_NS_ASSERTIONS = NO;
				ENABLE_STRICT_OBJC_MSGSEND = YES;
				GCC_C_LANGUAGE_STANDARD = gnu11;
				GCC_NO_COMMON_BLOCKS = YES;
				GCC_WARN_64_TO_32_BIT_CONVERSION = YES;
				GCC_WARN_ABOUT_RETURN_TYPE = YES_ERROR;
				GCC_WARN_UNDECLARED_SELECTOR = YES;
				GCC_WARN_UNINITIALIZED_AUTOS = YES_AGGRESSIVE;
				GCC_WARN_UNUSED_FUNCTION = YES;
				GCC_WARN_UNUSED_VARIABLE = YES;
				IPHONEOS_DEPLOYMENT_TARGET = 15.0;
				MTL_ENABLE_DEBUG_INFO = NO;
				MTL_FAST_MATH = YES;
				SDKROOT = iphoneos;
				VALIDATE_PRODUCT = YES;
			};
			name = Release;
		};
		17B696F5273BD1DB00CAB96A /* Debug */ = {
			isa = XCBuildConfiguration;
			buildSettings = {
				ASSETCATALOG_COMPILER_APPICON_NAME = AppIcon;
				ASSETCATALOG_COMPILER_GLOBAL_ACCENT_COLOR_NAME = AccentColor;
				CODE_SIGN_STYLE = Automatic;
				CURRENT_PROJECT_VERSION = 1;
				GENERATE_INFOPLIST_FILE = YES;
				INFOPLIST_FILE = FRViewFactory/Info.plist;
				INFOPLIST_KEY_UIApplicationSupportsIndirectInputEvents = YES;
				INFOPLIST_KEY_UILaunchStoryboardName = LaunchScreen;
				INFOPLIST_KEY_UIMainStoryboardFile = Main;
				INFOPLIST_KEY_UISupportedInterfaceOrientations_iPad = "UIInterfaceOrientationPortrait UIInterfaceOrientationPortraitUpsideDown UIInterfaceOrientationLandscapeLeft UIInterfaceOrientationLandscapeRight";
				INFOPLIST_KEY_UISupportedInterfaceOrientations_iPhone = "UIInterfaceOrientationPortrait UIInterfaceOrientationLandscapeLeft UIInterfaceOrientationLandscapeRight";
				LD_RUNPATH_SEARCH_PATHS = (
					"$(inherited)",
					"@executable_path/Frameworks",
				);
				MARKETING_VERSION = 1.0;
				PRODUCT_BUNDLE_IDENTIFIER = com.wuleslie.FRViewFactory;
				PRODUCT_NAME = "$(TARGET_NAME)";
				SWIFT_EMIT_LOC_STRINGS = YES;
				TARGETED_DEVICE_FAMILY = "1,2";
			};
			name = Debug;
		};
		17B696F6273BD1DB00CAB96A /* Release */ = {
			isa = XCBuildConfiguration;
			buildSettings = {
				ASSETCATALOG_COMPILER_APPICON_NAME = AppIcon;
				ASSETCATALOG_COMPILER_GLOBAL_ACCENT_COLOR_NAME = AccentColor;
				CODE_SIGN_STYLE = Automatic;
				CURRENT_PROJECT_VERSION = 1;
				GENERATE_INFOPLIST_FILE = YES;
				INFOPLIST_FILE = FRViewFactory/Info.plist;
				INFOPLIST_KEY_UIApplicationSupportsIndirectInputEvents = YES;
				INFOPLIST_KEY_UILaunchStoryboardName = LaunchScreen;
				INFOPLIST_KEY_UIMainStoryboardFile = Main;
				INFOPLIST_KEY_UISupportedInterfaceOrientations_iPad = "UIInterfaceOrientationPortrait UIInterfaceOrientationPortraitUpsideDown UIInterfaceOrientationLandscapeLeft UIInterfaceOrientationLandscapeRight";
				INFOPLIST_KEY_UISupportedInterfaceOrientations_iPhone = "UIInterfaceOrientationPortrait UIInterfaceOrientationLandscapeLeft UIInterfaceOrientationLandscapeRight";
				LD_RUNPATH_SEARCH_PATHS = (
					"$(inherited)",
					"@executable_path/Frameworks",
				);
				MARKETING_VERSION = 1.0;
				PRODUCT_BUNDLE_IDENTIFIER = com.wuleslie.FRViewFactory;
				PRODUCT_NAME = "$(TARGET_NAME)";
				SWIFT_EMIT_LOC_STRINGS = YES;
				TARGETED_DEVICE_FAMILY = "1,2";
			};
			name = Release;
		};
/* End XCBuildConfiguration section */

/* Begin XCConfigurationList section */
		17B696D6273BD1D700CAB96A /* Build configuration list for PBXProject "FRViewFactory" */ = {
			isa = XCConfigurationList;
			buildConfigurations = (
				17B696F2273BD1DB00CAB96A /* Debug */,
				17B696F3273BD1DB00CAB96A /* Release */,
			);
			defaultConfigurationIsVisible = 0;
			defaultConfigurationName = Release;
		};
		17B696F4273BD1DB00CAB96A /* Build configuration list for PBXNativeTarget "FRViewFactory" */ = {
			isa = XCConfigurationList;
			buildConfigurations = (
				17B696F5273BD1DB00CAB96A /* Debug */,
				17B696F6273BD1DB00CAB96A /* Release */,
			);
			defaultConfigurationIsVisible = 0;
			defaultConfigurationName = Release;
		};
/* End XCConfigurationList section */
	};
	rootObject = 17B696D3273BD1D700CAB96A /* Project object */;
}
